# This file is automatically @generated by Cargo.
# It is not intended for manual editing.
version = 3

[[package]]
name = "builtin"
version = "0.1.0"
source = "git+https://github.com/verus-lang/verus.git?rev=a53f39271666ac7dc9f455b6267da4c49a5f75c6#a53f39271666ac7dc9f455b6267da4c49a5f75c6"

[[package]]
name = "builtin_macros"
version = "0.1.0"
source = "git+https://github.com/verus-lang/verus.git?rev=a53f39271666ac7dc9f455b6267da4c49a5f75c6#a53f39271666ac7dc9f455b6267da4c49a5f75c6"
dependencies = [
 "prettyplease_verus",
 "proc-macro2",
 "quote",
 "syn",
 "syn_verus",
 "synstructure",
]

[[package]]
name = "crc64fast"
version = "1.0.0"
source = "registry+https://github.com/rust-lang/crates.io-index"
checksum = "bd3d10c557924c719a61e583165e31a0d8131b20415d6858983e67d1eb8a82bd"

[[package]]
name = "pmemlog"
version = "0.1.0"
dependencies = [
 "builtin",
 "builtin_macros",
 "crc64fast",
 "vstd",
]

[[package]]
name = "prettyplease_verus"
version = "0.1.15"
source = "git+https://github.com/verus-lang/verus.git?rev=a53f39271666ac7dc9f455b6267da4c49a5f75c6#a53f39271666ac7dc9f455b6267da4c49a5f75c6"
dependencies = [
 "proc-macro2",
 "syn_verus",
]

[[package]]
name = "proc-macro2"
version = "1.0.66"
source = "registry+https://github.com/rust-lang/crates.io-index"
checksum = "18fb31db3f9bddb2ea821cde30a9f70117e3f119938b5ee630b7403aa6e2ead9"
dependencies = [
 "unicode-ident",
]

[[package]]
name = "quote"
version = "1.0.32"
source = "registry+https://github.com/rust-lang/crates.io-index"
checksum = "50f3b39ccfb720540debaa0164757101c08ecb8d326b15358ce76a62c7e85965"
dependencies = [
 "proc-macro2",
]

[[package]]
name = "syn"
version = "1.0.109"
source = "registry+https://github.com/rust-lang/crates.io-index"
checksum = "72b64191b275b66ffe2469e8af2c1cfe3bafa67b529ead792a6d0160888b4237"
dependencies = [
 "proc-macro2",
 "quote",
 "unicode-ident",
]

[[package]]
name = "syn_verus"
version = "1.0.95"
source = "git+https://github.com/verus-lang/verus.git?rev=a53f39271666ac7dc9f455b6267da4c49a5f75c6#a53f39271666ac7dc9f455b6267da4c49a5f75c6"
dependencies = [
 "proc-macro2",
 "quote",
 "unicode-ident",
]

[[package]]
name = "synstructure"
version = "0.12.6"
source = "registry+https://github.com/rust-lang/crates.io-index"
checksum = "f36bdaa60a83aca3921b5259d5400cbf5e90fc51931376a9bd4a0eb79aa7210f"
dependencies = [
 "proc-macro2",
 "quote",
 "syn",
 "unicode-xid",
]

[[package]]
name = "unicode-ident"
version = "1.0.11"
source = "registry+https://github.com/rust-lang/crates.io-index"
checksum = "301abaae475aa91687eb82514b328ab47a211a533026cb25fc3e519b86adfc3c"

[[package]]
name = "unicode-xid"
version = "0.2.4"
source = "registry+https://github.com/rust-lang/crates.io-index"
checksum = "f962df74c8c05a667b5ee8bcf162993134c104e96440b663c8daa176dc772d8c"

[[package]]
name = "vstd"
version = "0.1.0"
source = "git+https://github.com/verus-lang/verus.git?rev=a53f39271666ac7dc9f455b6267da4c49a5f75c6#a53f39271666ac7dc9f455b6267da4c49a5f75c6"
dependencies = [
 "builtin",
 "builtin_macros",
]
